
Microsoft Visual Studio Solution File, Format Version 12.00
# Visual Studio Version 16
VisualStudioVersion = 16.0.31624.102
MinimumVisualStudioVersion = 10.0.40219.1
Project("{FAE04EC0-301F-11D3-BF4B-00C04F79EFBC}") = "Map", "Map\Map.csproj", "{06813369-D13E-49AA-9434-1BB1574097A9}"
EndProject
Project("{FAE04EC0-301F-11D3-BF4B-00C04F79EFBC}") = "Reduce", "Reduce\Reduce.csproj", "{025EF94B-BAAD-4C39-8F87-BDE6CEEF8811}"
EndProject
Global
	GlobalSection(SolutionConfigurationPlatforms) = preSolution
		Debug|Any CPU = Debug|Any CPU
		Release|Any CPU = Release|Any CPU
	EndGlobalSection
	GlobalSection(ProjectConfigurationPlatforms) = postSolution
		{06813369-D13E-49AA-9434-1BB1574097A9}.Debug|Any CPU.ActiveCfg = Debug|Any CPU
		{06813369-D13E-49AA-9434-1BB1574097A9}.Debug|Any CPU.Build.0 = Debug|Any CPU
		{06813369-D13E-49AA-9434-1BB1574097A9}.Release|Any CPU.ActiveCfg = Release|Any CPU
		{06813369-D13E-49AA-9434-1BB1574097A9}.Release|Any CPU.Build.0 = Release|Any CPU
		{025EF94B-BAAD-4C39-8F87-BDE6CEEF8811}.Debug|Any CPU.ActiveCfg = Debug|Any CPU
		{025EF94B-BAAD-4C39-8F87-BDE6CEEF8811}.Debug|Any CPU.Build.0 = Debug|Any CPU
		{025EF94B-BAAD-4C39-8F87-BDE6CEEF8811}.Release|Any CPU.ActiveCfg = Release|Any CPU
		{025EF94B-BAAD-4C39-8F87-BDE6CEEF8811}.Release|Any CPU.Build.0 = Release|Any CPU
	EndGlobalSection
	GlobalSection(SolutionProperties) = preSolution
		HideSolutionNode = FALSE
	EndGlobalSection
	GlobalSection(ExtensibilityGlobals) = postSolution
		SolutionGuid = {B1FF1BF6-4011-490B-9B95-187B72B4E5C4}
	EndGlobalSection
EndGlobal
